
Microsoft Visual Studio Solution File, Format Version 12.00
# Visual Studio Version 17
VisualStudioVersion = 17.0.31903.59
MinimumVisualStudioVersion = 10.0.40219.1
Project("{FAE04EC0-301F-11D3-BF4B-00C04F79EFBC}") = "Docsage.Api", "Docsage.Api\Docsage.Api.csproj", "{B9209D15-EF75-4DA5-A132-7777BF09B866}"
EndProject
Project("{2150E333-8FDC-42A3-9474-1A3956D46DE8}") = "Tests", "Tests", "{0AB3BF05-4346-4AA6-1389-037BE0695223}"
EndProject
Project("{FAE04EC0-301F-11D3-BF4B-00C04F79EFBC}") = "Docsage.Api.Tests", "Tests\Docsage.Api.Tests\Docsage.Api.Tests.csproj", "{A0953109-9734-4663-B055-696AE4A3EB5F}"
EndProject
Global
	GlobalSection(SolutionConfigurationPlatforms) = preSolution
		Debug|Any CPU = Debug|Any CPU
		Debug|x64 = Debug|x64
		Debug|x86 = Debug|x86
		Release|Any CPU = Release|Any CPU
		Release|x64 = Release|x64
		Release|x86 = Release|x86
	EndGlobalSection
	GlobalSection(ProjectConfigurationPlatforms) = postSolution
		{B9209D15-EF75-4DA5-A132-7777BF09B866}.Debug|Any CPU.ActiveCfg = Debug|Any CPU
		{B9209D15-EF75-4DA5-A132-7777BF09B866}.Debug|Any CPU.Build.0 = Debug|Any CPU
		{B9209D15-EF75-4DA5-A132-7777BF09B866}.Debug|x64.ActiveCfg = Debug|Any CPU
		{B9209D15-EF75-4DA5-A132-7777BF09B866}.Debug|x64.Build.0 = Debug|Any CPU
		{B9209D15-EF75-4DA5-A132-7777BF09B866}.Debug|x86.ActiveCfg = Debug|Any CPU
		{B9209D15-EF75-4DA5-A132-7777BF09B866}.Debug|x86.Build.0 = Debug|Any CPU
		{B9209D15-EF75-4DA5-A132-7777BF09B866}.Release|Any CPU.ActiveCfg = Release|Any CPU
		{B9209D15-EF75-4DA5-A132-7777BF09B866}.Release|Any CPU.Build.0 = Release|Any CPU
		{B9209D15-EF75-4DA5-A132-7777BF09B866}.Release|x64.ActiveCfg = Release|Any CPU
		{B9209D15-EF75-4DA5-A132-7777BF09B866}.Release|x64.Build.0 = Release|Any CPU
		{B9209D15-EF75-4DA5-A132-7777BF09B866}.Release|x86.ActiveCfg = Release|Any CPU
		{B9209D15-EF75-4DA5-A132-7777BF09B866}.Release|x86.Build.0 = Release|Any CPU
		{A0953109-9734-4663-B055-696AE4A3EB5F}.Debug|Any CPU.ActiveCfg = Debug|Any CPU
		{A0953109-9734-4663-B055-696AE4A3EB5F}.Debug|Any CPU.Build.0 = Debug|Any CPU
		{A0953109-9734-4663-B055-696AE4A3EB5F}.Debug|x64.ActiveCfg = Debug|Any CPU
		{A0953109-9734-4663-B055-696AE4A3EB5F}.Debug|x64.Build.0 = Debug|Any CPU
		{A0953109-9734-4663-B055-696AE4A3EB5F}.Debug|x86.ActiveCfg = Debug|Any CPU
		{A0953109-9734-4663-B055-696AE4A3EB5F}.Debug|x86.Build.0 = Debug|Any CPU
		{A0953109-9734-4663-B055-696AE4A3EB5F}.Release|Any CPU.ActiveCfg = Release|Any CPU
		{A0953109-9734-4663-B055-696AE4A3EB5F}.Release|Any CPU.Build.0 = Release|Any CPU
		{A0953109-9734-4663-B055-696AE4A3EB5F}.Release|x64.ActiveCfg = Release|Any CPU
		{A0953109-9734-4663-B055-696AE4A3EB5F}.Release|x64.Build.0 = Release|Any CPU
		{A0953109-9734-4663-B055-696AE4A3EB5F}.Release|x86.ActiveCfg = Release|Any CPU
		{A0953109-9734-4663-B055-696AE4A3EB5F}.Release|x86.Build.0 = Release|Any CPU
	EndGlobalSection
	GlobalSection(SolutionProperties) = preSolution
		HideSolutionNode = FALSE
	EndGlobalSection
	GlobalSection(NestedProjects) = preSolution
		{A0953109-9734-4663-B055-696AE4A3EB5F} = {0AB3BF05-4346-4AA6-1389-037BE0695223}
	EndGlobalSection
EndGlobal
